
Microsoft Visual Studio Solution File, Format Version 12.00
# Visual Studio 15
Project("{FAE04EC0-301F-11D3-BF4B-00C04F79EFBC}") = "Assembly-CSharp-firstpass", "Assembly-CSharp-firstpass.csproj", "{1D1269FF-79CD-EA9E-0ED9-4C930EB10A05}"
EndProject
Project("{FAE04EC0-301F-11D3-BF4B-00C04F79EFBC}") = "Assembly-CSharp", "Assembly-CSharp.csproj", "{6A9B08C5-FB1B-134E-1BF4-4074765CD531}"
EndProject
Project("{FAE04EC0-301F-11D3-BF4B-00C04F79EFBC}") = "Assembly-CSharp-Editor-firstpass", "Assembly-CSharp-Editor-firstpass.csproj", "{9C04765D-DA23-1F4C-AFFE-06C6F262CA7E}"
EndProject
Global
	GlobalSection(SolutionConfigurationPlatforms) = preSolution
		Debug|Any CPU = Debug|Any CPU
		Release|Any CPU = Release|Any CPU
	EndGlobalSection
	GlobalSection(ProjectConfigurationPlatforms) = postSolution
		{1D1269FF-79CD-EA9E-0ED9-4C930EB10A05}.Debug|Any CPU.ActiveCfg = Debug|Any CPU
		{1D1269FF-79CD-EA9E-0ED9-4C930EB10A05}.Debug|Any CPU.Build.0 = Debug|Any CPU
		{1D1269FF-79CD-EA9E-0ED9-4C930EB10A05}.Release|Any CPU.ActiveCfg = Release|Any CPU
		{1D1269FF-79CD-EA9E-0ED9-4C930EB10A05}.Release|Any CPU.Build.0 = Release|Any CPU
		{6A9B08C5-FB1B-134E-1BF4-4074765CD531}.Debug|Any CPU.ActiveCfg = Debug|Any CPU
		{6A9B08C5-FB1B-134E-1BF4-4074765CD531}.Debug|Any CPU.Build.0 = Debug|Any CPU
		{6A9B08C5-FB1B-134E-1BF4-4074765CD531}.Release|Any CPU.ActiveCfg = Release|Any CPU
		{6A9B08C5-FB1B-134E-1BF4-4074765CD531}.Release|Any CPU.Build.0 = Release|Any CPU
		{9C04765D-DA23-1F4C-AFFE-06C6F262CA7E}.Debug|Any CPU.ActiveCfg = Debug|Any CPU
		{9C04765D-DA23-1F4C-AFFE-06C6F262CA7E}.Debug|Any CPU.Build.0 = Debug|Any CPU
		{9C04765D-DA23-1F4C-AFFE-06C6F262CA7E}.Release|Any CPU.ActiveCfg = Release|Any CPU
		{9C04765D-DA23-1F4C-AFFE-06C6F262CA7E}.Release|Any CPU.Build.0 = Release|Any CPU
	EndGlobalSection
	GlobalSection(SolutionProperties) = preSolution
		HideSolutionNode = FALSE
	EndGlobalSection
EndGlobal
